// !$*UTF8*$!
{
	archiveVersion = 1;
	classes = {
	};
	objectVersion = 46;
	objects = {

/* Begin PBXBuildFile section */
		DA952AD01F3CC6BB00698848 /* LaunchScreen.storyboard in Resources */ = {isa = PBXBuildFile; fileRef = DA952ACF1F3CC6BB00698848 /* LaunchScreen.storyboard */; };
		DA952AD21F3CC75700698848 /* AppDelegate.swift in Sources */ = {isa = PBXBuildFile; fileRef = DA952AD11F3CC75700698848 /* AppDelegate.swift */; };
		DA952AD41F3CC8CF00698848 /* ControllerList.swift in Sources */ = {isa = PBXBuildFile; fileRef = DA952AD31F3CC8CF00698848 /* ControllerList.swift */; };
		DA952AD61F3CCB0800698848 /* NavigationController.swift in Sources */ = {isa = PBXBuildFile; fileRef = DA952AD51F3CCB0800698848 /* NavigationController.swift */; };
		DA952AD81F3CD23000698848 /* ViewList.swift in Sources */ = {isa = PBXBuildFile; fileRef = DA952AD71F3CD23000698848 /* ViewList.swift */; };
		DA952ADA1F3CD65500698848 /* ViewListCollection.swift in Sources */ = {isa = PBXBuildFile; fileRef = DA952AD91F3CD65500698848 /* ViewListCollection.swift */; };
		DA952ADC1F3CD71800698848 /* ViewListCollectionCell.swift in Sources */ = {isa = PBXBuildFile; fileRef = DA952ADB1F3CD71800698848 /* ViewListCollectionCell.swift */; };
		DA952ADE1F3CDA8900698848 /* ViewListBar.swift in Sources */ = {isa = PBXBuildFile; fileRef = DA952ADD1F3CDA8900698848 /* ViewListBar.swift */; };
		DA952AE11F3CE0E500698848 /* Localizable.strings in Resources */ = {isa = PBXBuildFile; fileRef = DA952ADF1F3CE0E500698848 /* Localizable.strings */; };
/* End PBXBuildFile section */

/* Begin PBXFileReference section */
		DA10119B1F3CC4D600489E74 /* worldcities.app */ = {isa = PBXFileReference; explicitFileType = wrapper.application; includeInIndex = 0; path = worldcities.app; sourceTree = BUILT_PRODUCTS_DIR; };
		DA1011AA1F3CC4D600489E74 /* Info.plist */ = {isa = PBXFileReference; lastKnownFileType = text.plist.xml; path = Info.plist; sourceTree = "<group>"; };
		DA952ACF1F3CC6BB00698848 /* LaunchScreen.storyboard */ = {isa = PBXFileReference; fileEncoding = 4; lastKnownFileType = file.storyboard; path = LaunchScreen.storyboard; sourceTree = "<group>"; };
		DA952AD11F3CC75700698848 /* AppDelegate.swift */ = {isa = PBXFileReference; fileEncoding = 4; lastKnownFileType = sourcecode.swift; path = AppDelegate.swift; sourceTree = "<group>"; };
		DA952AD31F3CC8CF00698848 /* ControllerList.swift */ = {isa = PBXFileReference; fileEncoding = 4; lastKnownFileType = sourcecode.swift; path = ControllerList.swift; sourceTree = "<group>"; };
		DA952AD51F3CCB0800698848 /* NavigationController.swift */ = {isa = PBXFileReference; fileEncoding = 4; lastKnownFileType = sourcecode.swift; path = NavigationController.swift; sourceTree = "<group>"; };
		DA952AD71F3CD23000698848 /* ViewList.swift */ = {isa = PBXFileReference; fileEncoding = 4; lastKnownFileType = sourcecode.swift; path = ViewList.swift; sourceTree = "<group>"; };
		DA952AD91F3CD65500698848 /* ViewListCollection.swift */ = {isa = PBXFileReference; fileEncoding = 4; lastKnownFileType = sourcecode.swift; path = ViewListCollection.swift; sourceTree = "<group>"; };
		DA952ADB1F3CD71800698848 /* ViewListCollectionCell.swift */ = {isa = PBXFileReference; fileEncoding = 4; lastKnownFileType = sourcecode.swift; path = ViewListCollectionCell.swift; sourceTree = "<group>"; };
		DA952ADD1F3CDA8900698848 /* ViewListBar.swift */ = {isa = PBXFileReference; fileEncoding = 4; lastKnownFileType = sourcecode.swift; path = ViewListBar.swift; sourceTree = "<group>"; };
		DA952AE01F3CE0E500698848 /* en */ = {isa = PBXFileReference; lastKnownFileType = text.plist.strings; name = en; path = en.lproj/Localizable.strings; sourceTree = "<group>"; };
/* End PBXFileReference section */

/* Begin PBXFrameworksBuildPhase section */
		DA1011981F3CC4D600489E74 /* Frameworks */ = {
			isa = PBXFrameworksBuildPhase;
			buildActionMask = 2147483647;
			files = (
			);
			runOnlyForDeploymentPostprocessing = 0;
		};
/* End PBXFrameworksBuildPhase section */

/* Begin PBXGroup section */
		DA1011921F3CC4D600489E74 = {
			isa = PBXGroup;
			children = (
				DA10119D1F3CC4D600489E74 /* worldcities */,
				DA10119C1F3CC4D600489E74 /* Products */,
			);
			sourceTree = "<group>";
		};
		DA10119C1F3CC4D600489E74 /* Products */ = {
			isa = PBXGroup;
			children = (
				DA10119B1F3CC4D600489E74 /* worldcities.app */,
			);
			name = Products;
			sourceTree = "<group>";
		};
		DA10119D1F3CC4D600489E74 /* worldcities */ = {
			isa = PBXGroup;
			children = (
				DA952ACB1F3CC68F00698848 /* Controller */,
				DA952ACC1F3CC68F00698848 /* Model */,
				DA952ACE1F3CC68F00698848 /* View */,
				DA952ACD1F3CC68F00698848 /* Resources */,
				DA1011AA1F3CC4D600489E74 /* Info.plist */,
			);
			path = worldcities;
			sourceTree = "<group>";
		};
		DA952ACB1F3CC68F00698848 /* Controller */ = {
			isa = PBXGroup;
			children = (
				DA952AD11F3CC75700698848 /* AppDelegate.swift */,
				DA952AD51F3CCB0800698848 /* NavigationController.swift */,
				DA952AD31F3CC8CF00698848 /* ControllerList.swift */,
			);
			path = Controller;
			sourceTree = "<group>";
		};
		DA952ACC1F3CC68F00698848 /* Model */ = {
			isa = PBXGroup;
			children = (
			);
			path = Model;
			sourceTree = "<group>";
		};
		DA952ACD1F3CC68F00698848 /* Resources */ = {
			isa = PBXGroup;
			children = (
				DA952ADF1F3CE0E500698848 /* Localizable.strings */,
				DA952ACF1F3CC6BB00698848 /* LaunchScreen.storyboard */,
			);
			path = Resources;
			sourceTree = "<group>";
		};
		DA952ACE1F3CC68F00698848 /* View */ = {
			isa = PBXGroup;
			children = (
				DA952AD71F3CD23000698848 /* ViewList.swift */,
				DA952ADD1F3CDA8900698848 /* ViewListBar.swift */,
				DA952AD91F3CD65500698848 /* ViewListCollection.swift */,
				DA952ADB1F3CD71800698848 /* ViewListCollectionCell.swift */,
			);
			path = View;
			sourceTree = "<group>";
		};
/* End PBXGroup section */

/* Begin PBXNativeTarget section */
		DA10119A1F3CC4D600489E74 /* worldcities */ = {
			isa = PBXNativeTarget;
			buildConfigurationList = DA1011AD1F3CC4D600489E74 /* Build configuration list for PBXNativeTarget "worldcities" */;
			buildPhases = (
				DA1011971F3CC4D600489E74 /* Sources */,
				DA1011981F3CC4D600489E74 /* Frameworks */,
				DA1011991F3CC4D600489E74 /* Resources */,
			);
			buildRules = (
			);
			dependencies = (
			);
			name = worldcities;
			productName = worldcities;
			productReference = DA10119B1F3CC4D600489E74 /* worldcities.app */;
			productType = "com.apple.product-type.application";
		};
/* End PBXNativeTarget section */

/* Begin PBXProject section */
		DA1011931F3CC4D600489E74 /* Project object */ = {
			isa = PBXProject;
			attributes = {
				LastSwiftUpdateCheck = 0830;
				LastUpgradeCheck = 0830;
				ORGANIZATIONNAME = iturbide;
				TargetAttributes = {
					DA10119A1F3CC4D600489E74 = {
						CreatedOnToolsVersion = 8.3.3;
						DevelopmentTeam = 7AMWG3RLHN;
						LastSwiftMigration = 0830;
						ProvisioningStyle = Automatic;
					};
				};
			};
			buildConfigurationList = DA1011961F3CC4D600489E74 /* Build configuration list for PBXProject "worldcities" */;
			compatibilityVersion = "Xcode 3.2";
			developmentRegion = English;
			hasScannedForEncodings = 0;
			knownRegions = (
				en,
			);
			mainGroup = DA1011921F3CC4D600489E74;
			productRefGroup = DA10119C1F3CC4D600489E74 /* Products */;
			projectDirPath = "";
			projectRoot = "";
			targets = (
				DA10119A1F3CC4D600489E74 /* worldcities */,
			);
		};
/* End PBXProject section */

/* Begin PBXResourcesBuildPhase section */
		DA1011991F3CC4D600489E74 /* Resources */ = {
			isa = PBXResourcesBuildPhase;
			buildActionMask = 2147483647;
			files = (
				DA952AD01F3CC6BB00698848 /* LaunchScreen.storyboard in Resources */,
				DA952AE11F3CE0E500698848 /* Localizable.strings in Resources */,
			);
			runOnlyForDeploymentPostprocessing = 0;
		};
/* End PBXResourcesBuildPhase section */

/* Begin PBXSourcesBuildPhase section */
		DA1011971F3CC4D600489E74 /* Sources */ = {
			isa = PBXSourcesBuildPhase;
			buildActionMask = 2147483647;
			files = (
				DA952AD81F3CD23000698848 /* ViewList.swift in Sources */,
				DA952AD21F3CC75700698848 /* AppDelegate.swift in Sources */,
				DA952ADC1F3CD71800698848 /* ViewListCollectionCell.swift in Sources */,
				DA952AD61F3CCB0800698848 /* NavigationController.swift in Sources */,
				DA952ADA1F3CD65500698848 /* ViewListCollection.swift in Sources */,
				DA952ADE1F3CDA8900698848 /* ViewListBar.swift in Sources */,
				DA952AD41F3CC8CF00698848 /* ControllerList.swift in Sources */,
			);
			runOnlyForDeploymentPostprocessing = 0;
		};
/* End PBXSourcesBuildPhase section */

/* Begin PBXVariantGroup section */
		DA952ADF1F3CE0E500698848 /* Localizable.strings */ = {
			isa = PBXVariantGroup;
			children = (
				DA952AE01F3CE0E500698848 /* en */,
			);
			name = Localizable.strings;
			sourceTree = "<group>";
		};
/* End PBXVariantGroup section */

/* Begin XCBuildConfiguration section */
		DA1011AB1F3CC4D600489E74 /* Debug */ = {
			isa = XCBuildConfiguration;
			buildSettings = {
				ALWAYS_SEARCH_USER_PATHS = NO;
				CLANG_ANALYZER_NONNULL = YES;
				CLANG_ANALYZER_NUMBER_OBJECT_CONVERSION = YES_AGGRESSIVE;
				CLANG_CXX_LANGUAGE_STANDARD = "gnu++0x";
				CLANG_CXX_LIBRARY = "libc++";
				CLANG_ENABLE_MODULES = NO;
				CLANG_ENABLE_OBJC_ARC = YES;
				CLANG_WARN_BOOL_CONVERSION = YES;
				CLANG_WARN_CONSTANT_CONVERSION = YES;
				CLANG_WARN_DIRECT_OBJC_ISA_USAGE = YES_ERROR;
				CLANG_WARN_DOCUMENTATION_COMMENTS = YES;
				CLANG_WARN_EMPTY_BODY = YES;
				CLANG_WARN_ENUM_CONVERSION = YES;
				CLANG_WARN_INFINITE_RECURSION = YES;
				CLANG_WARN_INT_CONVERSION = YES;
				CLANG_WARN_OBJC_ROOT_CLASS = YES_ERROR;
				CLANG_WARN_SUSPICIOUS_MOVE = YES;
				CLANG_WARN_UNREACHABLE_CODE = YES;
				CLANG_WARN__DUPLICATE_METHOD_MATCH = YES;
				"CODE_SIGN_IDENTITY[sdk=iphoneos*]" = "iPhone Developer";
				COPY_PHASE_STRIP = NO;
				DEBUG_INFORMATION_FORMAT = dwarf;
				ENABLE_STRICT_OBJC_MSGSEND = YES;
				ENABLE_TESTABILITY = YES;
				GCC_C_LANGUAGE_STANDARD = gnu99;
				GCC_DYNAMIC_NO_PIC = NO;
				GCC_NO_COMMON_BLOCKS = YES;
				GCC_OPTIMIZATION_LEVEL = 0;
				GCC_PREPROCESSOR_DEFINITIONS = (
					"DEBUG=1",
					"$(inherited)",
				);
				GCC_WARN_64_TO_32_BIT_CONVERSION = YES;
				GCC_WARN_ABOUT_RETURN_TYPE = YES_ERROR;
				GCC_WARN_UNDECLARED_SELECTOR = YES;
				GCC_WARN_UNINITIALIZED_AUTOS = YES_AGGRESSIVE;
				GCC_WARN_UNUSED_FUNCTION = YES;
				GCC_WARN_UNUSED_VARIABLE = YES;
				IPHONEOS_DEPLOYMENT_TARGET = 9.0;
				MTL_ENABLE_DEBUG_INFO = YES;
				ONLY_ACTIVE_ARCH = YES;
				SDKROOT = iphoneos;
				SWIFT_ACTIVE_COMPILATION_CONDITIONS = DEBUG;
				SWIFT_INSTALL_OBJC_HEADER = NO;
				SWIFT_OPTIMIZATION_LEVEL = "-Onone";
				TARGETED_DEVICE_FAMILY = "1,2";
			};
			name = Debug;
		};
		DA1011AC1F3CC4D600489E74 /* Release */ = {
			isa = XCBuildConfiguration;
			buildSettings = {
				ALWAYS_SEARCH_USER_PATHS = NO;
				CLANG_ANALYZER_NONNULL = YES;
				CLANG_ANALYZER_NUMBER_OBJECT_CONVERSION = YES_AGGRESSIVE;
				CLANG_CXX_LANGUAGE_STANDARD = "gnu++0x";
				CLANG_CXX_LIBRARY = "libc++";
				CLANG_ENABLE_MODULES = NO;
				CLANG_ENABLE_OBJC_ARC = YES;
				CLANG_WARN_BOOL_CONVERSION = YES;
				CLANG_WARN_CONSTANT_CONVERSION = YES;
				CLANG_WARN_DIRECT_OBJC_ISA_USAGE = YES_ERROR;
				CLANG_WARN_DOCUMENTATION_COMMENTS = YES;
				CLANG_WARN_EMPTY_BODY = YES;
				CLANG_WARN_ENUM_CONVERSION = YES;
				CLANG_WARN_INFINITE_RECURSION = YES;
				CLANG_WARN_INT_CONVERSION = YES;
				CLANG_WARN_OBJC_ROOT_CLASS = YES_ERROR;
				CLANG_WARN_SUSPICIOUS_MOVE = YES;
				CLANG_WARN_UNREACHABLE_CODE = YES;
				CLANG_WARN__DUPLICATE_METHOD_MATCH = YES;
				"CODE_SIGN_IDENTITY[sdk=iphoneos*]" = "iPhone Developer";
				COPY_PHASE_STRIP = NO;
				DEBUG_INFORMATION_FORMAT = "dwarf-with-dsym";
				ENABLE_NS_ASSERTIONS = NO;
				ENABLE_STRICT_OBJC_MSGSEND = YES;
				GCC_C_LANGUAGE_STANDARD = gnu99;
				GCC_NO_COMMON_BLOCKS = YES;
				GCC_WARN_64_TO_32_BIT_CONVERSION = YES;
				GCC_WARN_ABOUT_RETURN_TYPE = YES_ERROR;
				GCC_WARN_UNDECLARED_SELECTOR = YES;
				GCC_WARN_UNINITIALIZED_AUTOS = YES_AGGRESSIVE;
				GCC_WARN_UNUSED_FUNCTION = YES;
				GCC_WARN_UNUSED_VARIABLE = YES;
				IPHONEOS_DEPLOYMENT_TARGET = 9.0;
				MTL_ENABLE_DEBUG_INFO = NO;
				SDKROOT = iphoneos;
				SWIFT_INSTALL_OBJC_HEADER = NO;
				SWIFT_OPTIMIZATION_LEVEL = "-Owholemodule";
				TARGETED_DEVICE_FAMILY = "1,2";
				VALIDATE_PRODUCT = YES;
			};
			name = Release;
		};
		DA1011AE1F3CC4D600489E74 /* Debug */ = {
			isa = XCBuildConfiguration;
			buildSettings = {
				CLANG_ENABLE_MODULES = NO;
				DEVELOPMENT_TEAM = 7AMWG3RLHN;
				INFOPLIST_FILE = worldcities/Info.plist;
				LD_RUNPATH_SEARCH_PATHS = "$(inherited) @executable_path/Frameworks";
				PRODUCT_BUNDLE_IDENTIFIER = "iturbide.-";
				PRODUCT_NAME = "$(TARGET_NAME)";
				SWIFT_OPTIMIZATION_LEVEL = "-Onone";
				SWIFT_VERSION = 3.0;
				TARGETED_DEVICE_FAMILY = "1,2";
			};
			name = Debug;
		};
		DA1011AF1F3CC4D600489E74 /* Release */ = {
			isa = XCBuildConfiguration;
			buildSettings = {
				CLANG_ENABLE_MODULES = NO;
				DEVELOPMENT_TEAM = 7AMWG3RLHN;
				INFOPLIST_FILE = worldcities/Info.plist;
				LD_RUNPATH_SEARCH_PATHS = "$(inherited) @executable_path/Frameworks";
				PRODUCT_BUNDLE_IDENTIFIER = "iturbide.-";
				PRODUCT_NAME = "$(TARGET_NAME)";
				SWIFT_VERSION = 3.0;
				TARGETED_DEVICE_FAMILY = "1,2";
			};
			name = Release;
		};
/* End XCBuildConfiguration section */

/* Begin XCConfigurationList section */
		DA1011961F3CC4D600489E74 /* Build configuration list for PBXProject "worldcities" */ = {
			isa = XCConfigurationList;
			buildConfigurations = (
				DA1011AB1F3CC4D600489E74 /* Debug */,
				DA1011AC1F3CC4D600489E74 /* Release */,
			);
			defaultConfigurationIsVisible = 0;
			defaultConfigurationName = Release;
		};
		DA1011AD1F3CC4D600489E74 /* Build configuration list for PBXNativeTarget "worldcities" */ = {
			isa = XCConfigurationList;
			buildConfigurations = (
				DA1011AE1F3CC4D600489E74 /* Debug */,
				DA1011AF1F3CC4D600489E74 /* Release */,
			);
			defaultConfigurationIsVisible = 0;
			defaultConfigurationName = Release;
		};
/* End XCConfigurationList section */
	};
	rootObject = DA1011931F3CC4D600489E74 /* Project object */;
}
